# This file is autogenerated, do not edit; changes may be undone by the next 'dep ensure'.


[[projects]]
  digest = "1:61c24bdb660a326b420d5422c4fd124041b4aac88e212c6ac75f3a57b0b9cada"
  name = "github.com/agext/levenshtein"
  packages = ["."]
  pruneopts = ""
  revision = "5f10fee965225ac1eecdc234c09daf5cd9e7f7b6"
  version = "v1.2.1"

[[projects]]
  digest = "1:158df1b5f5844347008fa48fc3efc82131d6b67570a31516a04115a67facdabd"
  name = "github.com/apache/thrift"
  packages = ["lib/go/thrift"]
  pruneopts = ""
  revision = "b2a4d4ae21c789b689dd162deb819665567f481c"
  version = "0.10.0"

[[projects]]
  digest = "1:9f81043ecde141c23c6ccbf8ec273c43eaefcaac09d3bcc53fbddd4e180e2f7c"
  name = "github.com/apparentlymart/go-cidr"
  packages = ["cidr"]
  pruneopts = ""
  revision = "2bd8b58cf4275aeb086ade613de226773e29e853"

[[projects]]
  branch = "master"
  digest = "1:ee5a076f487c362d53eacd9442ee2f6656ff3e0739256043d96fac4fccf7b9a2"
  name = "github.com/apparentlymart/go-textseg"
  packages = ["textseg"]
  pruneopts = ""
  revision = "b836f5c4d331d1945a2fead7188db25432d73b69"

[[projects]]
  branch = "master"
  digest = "1:2a1e6af234d7de1ccf4504f397cf7cfa82922ee59b29252e3c34cb38d0b91989"
  name = "github.com/armon/go-radix"
  packages = ["."]
  pruneopts = ""
  revision = "1fca145dffbcaa8fe914309b1ec0cfc67500fe61"

[[projects]]
  digest = "1:52a9bc43fb6c22fe5fc2116bafdd1c0d81fb5a7a3f1e89501d367ac77f2a718d"
  name = "github.com/aws/aws-sdk-go"
  packages = [
    "aws",
    "aws/awserr",
    "aws/awsutil",
    "aws/client",
    "aws/client/metadata",
    "aws/corehandlers",
    "aws/credentials",
    "aws/credentials/ec2rolecreds",
    "aws/credentials/endpointcreds",
    "aws/credentials/stscreds",
    "aws/defaults",
    "aws/ec2metadata",
    "aws/endpoints",
    "aws/request",
    "aws/session",
    "aws/signer/v4",
    "internal/shareddefaults",
    "private/protocol",
    "private/protocol/query",
    "private/protocol/query/queryutil",
    "private/protocol/rest",
    "private/protocol/restxml",
    "private/protocol/xml/xmlutil",
    "service/s3",
    "service/sts",
  ]
  pruneopts = ""
  revision = "107df09c5f137b9dfe53b7a4c25dd4d79f81390f"
  version = "v1.12.40"

[[projects]]
  branch = "master"
  digest = "1:98e84060475ed245c3b355042afd43a74aa7d32efe50658f4f995977916f9fc3"
  name = "github.com/bgentry/go-netrc"
  packages = ["netrc"]
  pruneopts = ""
  revision = "9fd32a8b3d3d3f9d43c341bfe098430e07609480"

[[projects]]
  digest = "1:15ceb8ca7a71db4c426d8aef1909ea074f6840efa163490bb2798f475624e4ae"
  name = "github.com/bgentry/speakeasy"
  packages = ["."]
  pruneopts = ""
  revision = "4aabc24848ce5fd31929f7d1e4ea74d3709c14cd"
  version = "v0.1.0"

[[projects]]
  digest = "1:66d649987645c83c1df7c51bcd4afbfc87c8592fed817941b618e0de905cf6f1"
  name = "github.com/blang/semver"
  packages = ["."]
  pruneopts = ""
  revision = "4a1e882c79dcf4ec00d2e29fac74b9c8938d5052"

[[projects]]
  branch = "master"
  digest = "1:c46fd324e7902268373e1b337436a6377c196e2dbd7b35624c6256d29d494e78"
  name = "github.com/codahale/hdrhistogram"
  packages = ["."]
  pruneopts = ""
  revision = "3a0bb77429bd3a61596f5e8a3172445844342120"

[[projects]]
  digest = "1:56c130d885a4aacae1dd9c7b71cfe39912c7ebc1ff7d2b46083c8812996dc43b"
  name = "github.com/davecgh/go-spew"
  packages = ["spew"]
  pruneopts = ""
  revision = "346938d642f2ec3594ed81d874461961cd0faa76"
  version = "v1.1.0"

[[projects]]
  digest = "1:7b4b8c901568da024c49be7ff5e20fdecef629b60679c803041093823fb8d081"
  name = "github.com/djherbis/times"
  packages = ["."]
  pruneopts = ""
  revision = "95292e44976d1217cf3611dc7c8d9466877d3ed5"
  version = "v1.0.1"

[[projects]]
  digest = "1:ba7c75e38d81b9cf3e8601c081567be3b71bccca8c11aee5de98871360aa4d7b"
  name = "github.com/emirpasic/gods"
  packages = [
    "containers",
    "lists",
    "lists/arraylist",
    "trees",
    "trees/binaryheap",
    "utils",
  ]
  pruneopts = ""
  revision = "f6c17b524822278a87e3b3bd809fec33b51f5b46"
  version = "v1.9.0"

[[projects]]
  digest = "1:e988ed0ca0d81f4d28772760c02ee95084961311291bdfefc1b04617c178b722"
  name = "github.com/fatih/color"
  packages = ["."]
  pruneopts = ""
  revision = "5b77d2a35fb0ede96d138fc9a99f5c9b6aef11b4"
  version = "v1.7.0"

[[projects]]
  branch = "master"
  digest = "1:f406e345c8ef92f06e3e02f72dec4415c6f0721da43bc7f47ecd65899a417e2f"
  name = "github.com/gedex/inflector"
  packages = ["."]
  pruneopts = ""
  revision = "16278e9db8130ac7ec405dc174cfb94344f16325"

[[projects]]
  digest = "1:a00483fe4106b86fb1187a92b5cf6915c85f294ed4c129ccbe7cb1f1a06abd46"
  name = "github.com/go-ini/ini"
  packages = ["."]
  pruneopts = ""
  revision = "32e4c1e6bc4e7d0d8451aa6b75200d19e37a536a"
  version = "v1.32.0"

[[projects]]
  branch = "master"
  digest = "1:107b233e45174dbab5b1324201d092ea9448e58243ab9f039e4c0f332e121e3a"
  name = "github.com/golang/glog"
  packages = ["."]
  pruneopts = ""
  revision = "23def4e6c14b4da8ac2ed8007337bc5eb5007998"

[[projects]]
  digest = "1:f958a1c137db276e52f0b50efee41a1a389dcdded59a69711f3e872757dab34b"
  name = "github.com/golang/protobuf"
  packages = [
    "proto",
    "protoc-gen-go/descriptor",
    "ptypes",
    "ptypes/any",
    "ptypes/duration",
    "ptypes/empty",
    "ptypes/struct",
    "ptypes/timestamp",
  ]
  pruneopts = ""
  revision = "b4deda0973fb4c70b50d226b1af49f3da59f5265"
  version = "v1.1.0"

[[projects]]
  branch = "master"
  digest = "1:11ee11c3d5cb2188adf68f48afb268366f2559d63500ce86b182ea1b8241b282"
  name = "github.com/grpc-ecosystem/grpc-opentracing"
  packages = ["go/otgrpc"]
  pruneopts = ""
  revision = "01f8541d537215b2867e2745a1eb85c58c7c6b81"

[[projects]]
  digest = "1:304c322b62533a48ac052ffee80f67087fce1bc07186cd4e610a1b0e77765836"
  name = "github.com/hashicorp/errwrap"
  packages = ["."]
  pruneopts = ""
  revision = "7554cd9344cec97297fa6649b055a8c98c2a1e55"

[[projects]]
  branch = "master"
  digest = "1:f5d25fd7bdda08e39e01193ef94a1ebf7547b1b931bcdec785d08050598f306c"
  name = "github.com/hashicorp/go-cleanhttp"
  packages = ["."]
  pruneopts = ""
  revision = "d5fe4b57a186c716b0e00b8c301cbd9b4182694d"

[[projects]]
  branch = "master"
  digest = "1:40f369ccc96ee7ec15eab1180b3b44223bf997afa35265320ff3aec7cd80310f"
  name = "github.com/hashicorp/go-getter"
  packages = [
    ".",
    "helper/url",
  ]
  pruneopts = ""
  revision = "994f50a6f071b07cfbea9eca9618c9674091ca51"

[[projects]]
  digest = "1:2eec3384eaeed0ce9282113b0745f3ebecc7dcd6fc24db4c8b0274436483bf79"
  name = "github.com/hashicorp/go-multierror"
  packages = ["."]
  pruneopts = ""
  revision = "d30f09973e19c1dfcd120b2d9c4f168e68d6b5d5"

[[projects]]
  digest = "1:c7d71f1c9043297e1e7a732c5fd3957d3bf54fab6d4b9168f616b7414f63986c"
  name = "github.com/hashicorp/go-uuid"
  packages = ["."]
  pruneopts = ""
  revision = "36289988d83ca270bc07c234c36f364b0dd9c9a7"

[[projects]]
  digest = "1:98b38236d3f349e1376d786c1c3d097ab81f93f6850857a95c8ef9ca361f28d6"
  name = "github.com/hashicorp/go-version"
  packages = ["."]
  pruneopts = ""
  revision = "4fe82ae3040f80a03d04d2cccb5606a626b8e1ee"

[[projects]]
  digest = "1:3987769d49296c4250c0e2311e62c3fe0ced8a46eca3f23eb3c242b53ec8ec27"
  name = "github.com/hashicorp/hcl"
  packages = [
    ".",
    "hcl/ast",
    "hcl/parser",
    "hcl/scanner",
    "hcl/strconv",
    "hcl/token",
    "json/parser",
    "json/scanner",
    "json/token",
  ]
  pruneopts = ""
  revision = "a4b07c25de5ff55ad3b8936cea69a79a3d95a855"

[[projects]]
  digest = "1:df5a09df0ccaa0f07d68c7702c6fe2e06408d475ca903cb47ad1c98cabf16106"
  name = "github.com/hashicorp/hcl2"
  packages = [
    "gohcl",
    "hcl",
    "hcl/hclsyntax",
    "hcl/json",
    "hcldec",
    "hclparse",
  ]
  pruneopts = ""
  revision = "5f8ed954abd873b2c09616ba0aa607892bbca7e9"

[[projects]]
  digest = "1:f63bbfd54a9ebe0f15cd6597d58f404874fd20739faf56170879767db2fe69dc"
  name = "github.com/hashicorp/hil"
  packages = [
    ".",
    "ast",
    "parser",
    "scanner",
  ]
  pruneopts = ""
  revision = "fa9f258a92500514cc8e9c67020487709df92432"

[[projects]]
  digest = "1:8b7dd3b581147b44cf522c66894b9119ab845c346d8f124d83f77ab499cf7ca3"
  name = "github.com/hashicorp/logutils"
  packages = ["."]
  pruneopts = ""
  revision = "0dc08b1671f34c4250ce212759ebd880f743d883"

[[projects]]
  branch = "pulumi-master"
  digest = "1:260d5a445a1436907151ee78c922453f45cedee9d646063e99bc1212689305d4"
  name = "github.com/hashicorp/terraform"
  packages = [
    "config",
    "config/configschema",
    "config/hcl2shim",
    "config/module",
    "dag",
    "flatmap",
    "helper/hashcode",
    "helper/hilmapstructure",
    "helper/logging",
    "helper/schema",
    "httpclient",
    "moduledeps",
    "plugin/discovery",
    "registry",
    "registry/regsrc",
    "registry/response",
    "svchost",
    "svchost/auth",
    "svchost/disco",
    "terraform",
    "tfdiags",
    "version",
  ]
  pruneopts = ""
  revision = "fe2f6a8d31a3b4b6f058fed6a537273b0f1f420a"
  source = "github.com/pulumi/terraform"

[[projects]]
  digest = "1:870d441fe217b8e689d7949fef6e43efbc787e50f200cb1e70dbca9204a1d6be"
  name = "github.com/inconshreveable/mousetrap"
  packages = ["."]
  pruneopts = ""
  revision = "76626ae9c91c4f2a10f34cad8ce83ea42c93bb75"
  version = "v1.0"

[[projects]]
  branch = "master"
  digest = "1:95abc4eba158a39873bd4fabdee576d0ae13826b550f8b710881d80ae4093a0f"
  name = "github.com/jbenet/go-context"
  packages = ["io"]
  pruneopts = ""
  revision = "d14ea06fba99483203c19d92cfcd13ebe73135f4"

[[projects]]
  digest = "1:6f49eae0c1e5dab1dafafee34b207aeb7a42303105960944828c2079b92fc88e"
  name = "github.com/jmespath/go-jmespath"
  packages = ["."]
  pruneopts = ""
  revision = "0b12d6b5"

[[projects]]
  digest = "1:7fe04787f53bb61c1ba9c659b1a90ee3da16b4d6a1c41566bcb5077efbd30f97"
  name = "github.com/kevinburke/ssh_config"
  packages = ["."]
  pruneopts = ""
  revision = "9fc7bb800b555d63157c65a904c86a2cc7b4e795"
  version = "0.4"

[[projects]]
  digest = "1:9ea83adf8e96d6304f394d40436f2eb44c1dc3250d223b74088cc253a6cd0a1c"
  name = "github.com/mattn/go-colorable"
  packages = ["."]
  pruneopts = ""
  revision = "167de6bfdfba052fa6b2d3664c8f5272e23c9072"
  version = "v0.0.9"

[[projects]]
  digest = "1:78229b46ddb7434f881390029bd1af7661294af31f6802e0e1bedaad4ab0af3c"
  name = "github.com/mattn/go-isatty"
  packages = ["."]
  pruneopts = ""
  revision = "0360b2af4f38e8d38c7fce2a9f4e702702d73a39"
  version = "v0.0.3"

[[projects]]
  branch = "master"
  digest = "1:c19de0f21aaba831da9f1d29f6cb16e2a6e9cb4d9df0346dcd2ed25562bd52aa"
  name = "github.com/mitchellh/cli"
  packages = ["."]
  pruneopts = ""
  revision = "c48282d14eba4b0817ddef3f832ff8d13851aefd"

[[projects]]
  digest = "1:ae14aee05347b333fd7ab0c801c789438ef559cfb1307b53d5c42ea3cf6d61b6"
  name = "github.com/mitchellh/copystructure"
  packages = ["."]
  pruneopts = ""
  revision = "d23ffcb85de31694d6ccaa23ccb4a03e55c1303f"

[[projects]]
  digest = "1:59d11e81d6fdd12a771321696bb22abdd9a94d26ac864787e98c9b419e428734"
  name = "github.com/mitchellh/go-homedir"
  packages = ["."]
  pruneopts = ""
  revision = "b8bc1bf767474819792c23f32d8286a45736f1c6"

[[projects]]
  branch = "master"
  digest = "1:1dee6133ab829c8559a39031ad1e0e3538e4a7b34d3e0509d1fc247737e928c1"
  name = "github.com/mitchellh/go-ps"
  packages = ["."]
  pruneopts = ""
  revision = "4fdf99ab29366514c69ccccddab5dc58b8d84062"

[[projects]]
  branch = "master"
  digest = "1:51c98e2c9a8d0a724a69f46421876af14e12132cb02f1d0e144785d752247162"
  name = "github.com/mitchellh/go-testing-interface"
  packages = ["."]
  pruneopts = ""
  revision = "a61a99592b77c9ba629d254a693acffaeb4b7e28"

[[projects]]
  branch = "master"
  digest = "1:1856ee5a608d9e93667ac7811fc6360e2a9cae3ada938b3f13016c578b6d5f6e"
  name = "github.com/mitchellh/go-wordwrap"
  packages = ["."]
  pruneopts = ""
  revision = "ad45545899c7b13c020ea92b2072220eefad42b8"

[[projects]]
  digest = "1:a972cefd19c417781550c728102b845caf2660f4802fef32d7ec93051f49cc7f"
  name = "github.com/mitchellh/hashstructure"
  packages = ["."]
  pruneopts = ""
  revision = "6b17d669fac5e2f71c16658d781ec3fdd3802b69"

[[projects]]
  digest = "1:bb0e4a3978e431057311bea87d9246cc79e6a433894e402866c6dc5c0f540b2e"
  name = "github.com/mitchellh/mapstructure"
  packages = ["."]
  pruneopts = ""
  revision = "53818660ed4955e899c0bcafa97299a388bd7c8e"

[[projects]]
  digest = "1:a5aebbd13aa160140a1fd1286b94cd8c6ba3d1522014fd04508d7f36d5bb8d19"
  name = "github.com/mitchellh/reflectwalk"
  packages = ["."]
  pruneopts = ""
  revision = "63d60e9d0dbc60cf9164e6510889b0db6683d98c"

[[projects]]
  digest = "1:78fb99d6011c2ae6c72f3293a83951311147b12b06a5ffa43abf750c4fab6ac5"
  name = "github.com/opentracing/opentracing-go"
  packages = [
    ".",
    "ext",
    "log",
  ]
  pruneopts = ""
  revision = "1949ddbfd147afd4d964a9f00b24eb291e0e7c38"
  version = "v1.0.2"

[[projects]]
  digest = "1:049b5bee78dfdc9628ee0e557219c41f683e5b06c5a5f20eaba0105ccc586689"
  name = "github.com/pelletier/go-buffruneio"
  packages = ["."]
  pruneopts = ""
  revision = "c37440a7cf42ac63b919c752ca73a85067e05992"
  version = "v0.2.0"

[[projects]]
  digest = "1:7365acd48986e205ccb8652cc746f09c8b7876030d53710ea6ef7d0bd0dcd7ca"
  name = "github.com/pkg/errors"
  packages = ["."]
  pruneopts = ""
  revision = "645ef00459ed84a119197bfb8d8205042c6df63d"
  version = "v0.8.0"

[[projects]]
  digest = "1:256484dbbcd271f9ecebc6795b2df8cad4c458dd0f5fd82a8c2fa0c29f233411"
  name = "github.com/pmezard/go-difflib"
  packages = ["difflib"]
  pruneopts = ""
  revision = "792786c7400a136282c1664665ae0a8db921c6c2"
  version = "v1.0.0"

[[projects]]
  digest = "1:257644eddd6b1722f96711c3ca98c9ef755b77cb9f446e23e5ce03fbabafdcd3"
  name = "github.com/posener/complete"
  packages = [
    ".",
    "cmd",
    "cmd/install",
    "match",
  ]
  pruneopts = ""
  revision = "dc2bc5a81accba8782bebea28628224643a8286a"
  version = "v1.1"

[[projects]]
  branch = "master"
  digest = "1:d9577b764ea67e82960048873262d31c81a860276c7ebb28da1956c34759e557"
  name = "github.com/pulumi/pulumi"
  packages = [
    "pkg/diag",
    "pkg/diag/colors",
    "pkg/encoding",
    "pkg/resource",
    "pkg/resource/config",
    "pkg/resource/plugin",
    "pkg/resource/provider",
    "pkg/tokens",
    "pkg/tools",
    "pkg/util/ciutil",
    "pkg/util/cmdutil",
    "pkg/util/contract",
    "pkg/util/fsutil",
    "pkg/util/gitutil",
    "pkg/util/httputil",
    "pkg/util/logging",
    "pkg/util/mapper",
    "pkg/util/retry",
    "pkg/util/rpcutil",
    "pkg/util/rpcutil/rpcerror",
    "pkg/workspace",
    "sdk/proto/go",
  ]
  pruneopts = ""
  revision = "a02bfb64696d90bc8a5491b718f1f6853f041e24"

[[projects]]
  branch = "master"
  digest = "1:5d372d623fca34e1bddf0ca733b47dbfad0220644753213ade88cc60be366710"
  name = "github.com/reconquest/loreley"
  packages = ["."]
  pruneopts = ""
  revision = "2ab6b7470a54bfa9b5b0289f9b4e8fc4839838f7"

[[projects]]
  digest = "1:3962f553b77bf6c03fc07cd687a22dd3b00fe11aa14d31194f5505f5bb65cdc8"
  name = "github.com/sergi/go-diff"
  packages = ["diffmatchpatch"]
  pruneopts = ""
  revision = "1744e2970ca51c86172c8190fadad617561ed6e7"
  version = "v1.0.0"

[[projects]]
  branch = "master"
  digest = "1:16288aa86c33709922d4a49ca3cb2057f72eac7c606f54b58325530605783bfc"
  name = "github.com/spf13/cobra"
  packages = ["."]
  pruneopts = ""
  revision = "de2d9c4eca8f3c1de17d48b096b6504e0296f003"

[[projects]]
  digest = "1:261bc565833ef4f02121450d74eb88d5ae4bd74bfe5d0e862cddb8550ec35000"
  name = "github.com/spf13/pflag"
  packages = ["."]
  pruneopts = ""
  revision = "e57e3eeb33f795204c1ca35f56c44f83227c6e66"
  version = "v1.0.0"

[[projects]]
  digest = "1:b1861b9a1aa0801b0b62945ed7477c1ab61a4bd03b55dfbc27f6d4f378110c8c"
  name = "github.com/src-d/gcfg"
  packages = [
    ".",
    "scanner",
    "token",
    "types",
  ]
  pruneopts = ""
  revision = "f187355171c936ac84a82793659ebb4936bc1c23"
  version = "v1.3.0"

[[projects]]
  digest = "1:3926a4ec9a4ff1a072458451aa2d9b98acd059a45b38f7335d31e06c3d6a0159"
  name = "github.com/stretchr/testify"
  packages = ["assert"]
  pruneopts = ""
  revision = "69483b4bd14f5845b5a1e55bca19e954e827f1d0"
  version = "v1.1.4"

[[projects]]
  branch = "master"
  digest = "1:ff0671f12ff98386398469e4b44453369fe164563f48ddb6c6b8ce6963379f97"
  name = "github.com/texttheater/golang-levenshtein"
  packages = ["levenshtein"]
  pruneopts = ""
  revision = "d188e65d659ef53fcdb0691c12f1bba64928b649"

[[projects]]
  digest = "1:a577b49fafa8b3872c458693e1eab8e72c6fcbee41f320aaca530f8963b45c56"
  name = "github.com/uber/jaeger-client-go"
  packages = [
    ".",
    "internal/baggage",
    "internal/spanlog",
    "log",
    "thrift-gen/agent",
    "thrift-gen/jaeger",
    "thrift-gen/sampling",
    "thrift-gen/zipkincore",
    "transport/zipkin",
    "utils",
  ]
  pruneopts = ""
  revision = "ff3efa227b65e419701a4f48985379ca106a89e7"
  version = "v2.11.0"

[[projects]]
  digest = "1:f9f160e9c3e20edc1f5841f012510db674b5c0967054aae17179f56b4d1cab3f"
  name = "github.com/uber/jaeger-lib"
  packages = ["metrics"]
  pruneopts = ""
  revision = "c48167d9cae5887393dd5e61efd06a4a48b7fbb3"
  version = "v1.2.1"

[[projects]]
  digest = "1:ee723e6a1962a196eeba1b24f82af61a4f60f8821d7aa96d48e787f8337bcffc"
  name = "github.com/ulikunitz/xz"
  packages = [
    ".",
    "internal/hash",
    "internal/xlog",
    "lzma",
  ]
  pruneopts = ""
  revision = "0c6b41e72360850ca4f98dc341fd999726ea007f"
  version = "v0.5.4"

[[projects]]
  digest = "1:afc0b8068986a01e2d8f449917829753a54f6bd4d1265c2b4ad9cba75560020f"
  name = "github.com/xanzy/ssh-agent"
  packages = ["."]
  pruneopts = ""
  revision = "640f0ab560aeb89d523bb6ac322b1244d5c3796c"
  version = "v0.2.0"

[[projects]]
  digest = "1:eed171208eb3fdec1c09f20418fe1bc6fe37bdf495c52ac8eeabb5b0b4ec7dd4"
  name = "github.com/zclconf/go-cty"
  packages = [
    "cty",
    "cty/convert",
    "cty/function",
    "cty/function/stdlib",
    "cty/gocty",
    "cty/json",
    "cty/set",
  ]
  pruneopts = ""
  revision = "49fa5e03c418f95f78684c91e155af06aa901a32"

[[projects]]
  branch = "master"
  digest = "1:3d9a185d0d4231ba9d39508e7f97a4d10faabab711d92365d5f9aa41c615a205"
  name = "golang.org/x/crypto"
  packages = [
    "bcrypt",
    "blowfish",
    "cast5",
    "curve25519",
    "ed25519",
    "ed25519/internal/edwards25519",
    "internal/chacha20",
    "openpgp",
    "openpgp/armor",
    "openpgp/elgamal",
    "openpgp/errors",
    "openpgp/packet",
    "openpgp/s2k",
    "pbkdf2",
    "poly1305",
    "ssh",
    "ssh/agent",
    "ssh/knownhosts",
    "ssh/terminal",
  ]
  pruneopts = ""
  revision = "df8d4716b3472e4a531c33cedbe537dae921a1a9"

[[projects]]
  digest = "1:898bc7c802c1e0c20cecd65811e90b7b9bc5651b4a07aefd159451bfb200b2b3"
  name = "golang.org/x/net"
  packages = [
    "context",
    "html",
    "html/atom",
    "http2",
    "http2/hpack",
    "idna",
    "internal/timeseries",
    "lex/httplex",
    "trace",
  ]
  pruneopts = ""
  revision = "a04bdaca5b32abe1c069418fb7088ae607de5bd0"

[[projects]]
  branch = "master"
  digest = "1:a52cd7f8c2bbc247318084baffb4ea34754945c4f85fbf42c0bfcebf27704c52"
  name = "golang.org/x/sys"
  packages = [
    "unix",
    "windows",
  ]
  pruneopts = ""
  revision = "8b4580aae2a0dd0c231a45d3ccb8434ff533b840"

[[projects]]
  branch = "master"
  digest = "1:f327aaa70ddb1a01208c3b1e655e79374662c1abc77053484b5cf1cd0d46ca03"
  name = "golang.org/x/text"
  packages = [
    "collate",
    "collate/build",
    "internal/colltab",
    "internal/gen",
    "internal/tag",
    "internal/triegen",
    "internal/ucd",
    "language",
    "secure/bidirule",
    "transform",
    "unicode/bidi",
    "unicode/cldr",
    "unicode/norm",
    "unicode/rangetable",
  ]
  pruneopts = ""
  revision = "57961680700a5336d15015c8c50686ca5ba362a4"

[[projects]]
  branch = "master"
  digest = "1:6c15114fafeac4c833544476dec4207a3476799d50ab5165af79eb97806884cf"
  name = "google.golang.org/genproto"
  packages = ["googleapis/rpc/status"]
  pruneopts = ""
  revision = "7f0da29060c682909f650ad8ed4e515bd74fa12a"

[[projects]]
  digest = "1:b5cec1d5f5a9bc284b645afb8ba9cbd6b145cb20545bb3eb13c1aa10600ece31"
  name = "google.golang.org/grpc"
  packages = [
    ".",
    "balancer",
    "codes",
    "connectivity",
    "credentials",
    "grpclb/grpc_lb_v1/messages",
    "grpclog",
    "internal",
    "keepalive",
    "metadata",
    "naming",
    "peer",
    "reflection",
    "reflection/grpc_reflection_v1alpha",
    "resolver",
    "stats",
    "status",
    "tap",
    "transport",
  ]
  pruneopts = ""
  revision = "5ffe3083946d5603a0578721101dc8165b1d5b5f"
  version = "v1.7.2"

[[projects]]
  digest = "1:6715e0bec216255ab784fe04aa4d5a0a626ae07a3a209080182e469bc142761a"
  name = "gopkg.in/src-d/go-billy.v4"
  packages = [
    ".",
    "helper/chroot",
    "helper/polyfill",
    "osfs",
    "util",
  ]
  pruneopts = ""
  revision = "83cf655d40b15b427014d7875d10850f96edba14"
  version = "v4.2.0"

[[projects]]
  digest = "1:d014bc54441ee96e8306ea6a767264864d2fd0898962a9dee152e992b2e672da"
  name = "gopkg.in/src-d/go-git.v4"
  packages = [
    ".",
    "config",
    "internal/revision",
    "plumbing",
    "plumbing/cache",
    "plumbing/filemode",
    "plumbing/format/config",
    "plumbing/format/diff",
    "plumbing/format/gitignore",
    "plumbing/format/idxfile",
    "plumbing/format/index",
    "plumbing/format/objfile",
    "plumbing/format/packfile",
    "plumbing/format/pktline",
    "plumbing/object",
    "plumbing/protocol/packp",
    "plumbing/protocol/packp/capability",
    "plumbing/protocol/packp/sideband",
    "plumbing/revlist",
    "plumbing/storer",
    "plumbing/transport",
    "plumbing/transport/client",
    "plumbing/transport/file",
    "plumbing/transport/git",
    "plumbing/transport/http",
    "plumbing/transport/internal/common",
    "plumbing/transport/server",
    "plumbing/transport/ssh",
    "storage",
    "storage/filesystem",
    "storage/filesystem/dotgit",
    "storage/memory",
    "utils/binary",
    "utils/diff",
    "utils/ioutil",
    "utils/merkletrie",
    "utils/merkletrie/filesystem",
    "utils/merkletrie/index",
    "utils/merkletrie/internal/frame",
    "utils/merkletrie/noder",
  ]
  pruneopts = ""
  revision = "3bd5e82b2512d85becae9677fa06b5a973fd4cfb"
  version = "v4.5.0"

[[projects]]
  digest = "1:ceec7e96590fb8168f36df4795fefe17051d4b0c2acc7ec4e260d8138c4dafac"
  name = "gopkg.in/warnings.v0"
  packages = ["."]
  pruneopts = ""
  revision = "ec4a0fea49c7b46c2aeb0b51aac55779c607e52b"
  version = "v0.1.2"

[[projects]]
  branch = "v2"
  digest = "1:f769ed60e075e4221612c2f4162fccc9d3795ef358fa463425e3b3d7a5debb27"
  name = "gopkg.in/yaml.v2"
  packages = ["."]
  pruneopts = ""
  revision = "287cf08546ab5e7e37d55a84f7ed3fd1db036de5"

[solve-meta]
  analyzer-name = "dep"
  analyzer-version = 1
  input-imports = [
    "github.com/gedex/inflector",
    "github.com/golang/glog",
    "github.com/golang/protobuf/ptypes/empty",
    "github.com/golang/protobuf/ptypes/struct",
    "github.com/hashicorp/go-multierror",
    "github.com/hashicorp/terraform/config",
    "github.com/hashicorp/terraform/flatmap",
    "github.com/hashicorp/terraform/helper/logging",
    "github.com/hashicorp/terraform/helper/schema",
    "github.com/hashicorp/terraform/terraform",
    "github.com/pkg/errors",
    "github.com/pulumi/pulumi/pkg/diag",
    "github.com/pulumi/pulumi/pkg/resource",
    "github.com/pulumi/pulumi/pkg/resource/plugin",
    "github.com/pulumi/pulumi/pkg/resource/provider",
    "github.com/pulumi/pulumi/pkg/tokens",
    "github.com/pulumi/pulumi/pkg/tools",
    "github.com/pulumi/pulumi/pkg/util/cmdutil",
    "github.com/pulumi/pulumi/pkg/util/contract",
    "github.com/pulumi/pulumi/pkg/util/rpcutil/rpcerror",
    "github.com/pulumi/pulumi/sdk/proto/go",
    "github.com/spf13/cobra",
    "github.com/stretchr/testify/assert",
    "golang.org/x/net/context",
    "google.golang.org/grpc/codes",
  ]
  solver-name = "gps-cdcl"
  solver-version = 1
